<?xml version="1.0" encoding="utf-8"?>
<Project ToolsVersion="4.0" xmlns="http://schemas.microsoft.com/developer/msbuild/2003">
  <ItemGroup>
    <Filter Include="Resource Files">
      <UniqueIdentifier>{67DA6AB6-F800-4c08-8B7A-83BB121AAD01}</UniqueIdentifier>
      <Extensions>rc;ico;cur;bmp;dlg;rc2;rct;bin;rgs;gif;jpg;jpeg;jpe;resx;tiff;tif;png;wav;mfcribbon-ms</Extensions>
    </Filter>
    <Filter Include="Source">
      <UniqueIdentifier>{4FC737F1-C7A5-4376-A066-2A32D752A2FF}</UniqueIdentifier>
      <Extensions>cpp;c;cc;cxx;def;odl;idl;hpj;bat;asm;asmx</Extensions>
    </Filter>
    <Filter Include="Include">
      <UniqueIdentifier>{93995380-89BD-4b04-88EB-625FBE52EBFB}</UniqueIdentifier>
      <Extensions>h;hh;hpp;hxx;hm;inl;inc;ipp;xsd</Extensions>
    </Filter>
    <Filter Include="Include\Engine">
      <UniqueIdentifier>{a8d28c7a-05ca-4148-819f-ffe4febf8c59}</UniqueIdentifier>
    </Filter>
    <Filter Include="Source\Engine">
      <UniqueIdentifier>{685a43ac-d3fc-445d-959a-bcd84ab8aec1}</UniqueIdentifier>
    </Filter>
    <Filter Include="Include\Core">
      <UniqueIdentifier>{4c23720c-6505-4924-80ee-73943454d346}</UniqueIdentifier>
    </Filter>
    <Filter Include="Source\Core">
      <UniqueIdentifier>{2d40e315-10af-4417-b604-9c4349021d1f}</UniqueIdentifier>
    </Filter>
    <Filter Include="Include\UI">
      <UniqueIdentifier>{418716ba-3238-4282-b30f-79fff3054b86}</UniqueIdentifier>
    </Filter>
    <Filter Include="Source\UI">
      <UniqueIdentifier>{2ad124f3-8850-4f6e-a6c7-cef939fa82d3}</UniqueIdentifier>
    </Filter>
  </ItemGroup>
  <ItemGroup>
    <ClCompile Include="Source\Engine\Engine.cpp">
      <Filter>Source\Engine</Filter>
    </ClCompile>
    <ClCompile Include="Source\Core\Allocate.cpp">
      <Filter>Source\Core</Filter>
    </ClCompile>
    <ClCompile Include="Source\Engine\Resource.cpp">
      <Filter>Source\Engine</Filter>
    </ClCompile>
    <ClCompile Include="Source\Engine\Scene.cpp">
      <Filter>Source\Engine</Filter>
    </ClCompile>
    <ClCompile Include="Source\UI\UIElement.cpp">
      <Filter>Source\UI</Filter>
    </ClCompile>
    <ClCompile Include="Source\UI\UI.cpp">
      <Filter>Source\UI</Filter>
    </ClCompile>
    <ClCompile Include="Source\UI\Button.cpp">
      <Filter>Source\UI</Filter>
    </ClCompile>
    <ClCompile Include="Source\UI\TextInput.cpp">
      <Filter>Source\UI</Filter>
    </ClCompile>
    <ClCompile Include="Source\UI\TextCursor.cpp">
      <Filter>Source\UI</Filter>
    </ClCompile>
    <ClCompile Include="Source\Engine\Cursor.cpp">
      <Filter>Source\Engine</Filter>
    </ClCompile>
    <ClCompile Include="Source\UI\Slider.cpp">
      <Filter>Source\UI</Filter>
    </ClCompile>
    <ClCompile Include="Source\UI\Text.cpp">
      <Filter>Source\UI</Filter>
    </ClCompile>
    <ClCompile Include="Source\UI\ScrollView.cpp">
      <Filter>Source\UI</Filter>
    </ClCompile>
    <ClCompile Include="Source\UI\ListContainer.cpp">
      <Filter>Source\UI</Filter>
    </ClCompile>
  </ItemGroup>
  <ItemGroup>
    <ClInclude Include="Source\Engine\Engine.h">
      <Filter>Include\Engine</Filter>
    </ClInclude>
    <ClInclude Include="Source\Core\Allocate.h">
      <Filter>Include\Core</Filter>
    </ClInclude>
    <ClInclude Include="Source\Core\DataTypes.h">
      <Filter>Include\Core</Filter>
    </ClInclude>
    <ClInclude Include="Source\Core\Macros.h">
      <Filter>Include\Core</Filter>
    </ClInclude>
    <ClInclude Include="Source\Core\ObjectPool.h">
      <Filter>Include\Core</Filter>
    </ClInclude>
    <ClInclude Include="Source\Engine\Scene.h">
      <Filter>Include\Engine</Filter>
    </ClInclude>
    <ClInclude Include="Source\Engine\Resource.h">
      <Filter>Include\Engine</Filter>
    </ClInclude>
    <ClInclude Include="Source\UI\UI.h">
      <Filter>Include\UI</Filter>
    </ClInclude>
    <ClInclude Include="Source\UI\UIElement.h">
      <Filter>Include\UI</Filter>
    </ClInclude>
    <ClInclude Include="Source\UI\UIContainer.h">
      <Filter>Include\UI</Filter>
    </ClInclude>
    <ClInclude Include="Source\UI\Button.h">
      <Filter>Include\UI</Filter>
    </ClInclude>
    <ClInclude Include="Source\Core\Callback.h">
      <Filter>Include</Filter>
    </ClInclude>
    <ClInclude Include="Source\UI\UIAnimation.h">
      <Filter>Include\UI</Filter>
    </ClInclude>
    <ClInclude Include="Source\Core\Math.h">
      <Filter>Include\Core</Filter>
    </ClInclude>
    <ClInclude Include="Source\UI\TextInupt.h">
      <Filter>Include\UI</Filter>
    </ClInclude>
    <ClInclude Include="Source\UI\TextCursor.h">
      <Filter>Include\UI</Filter>
    </ClInclude>
    <ClInclude Include="Source\Engine\Cursor.h">
      <Filter>Include\Engine</Filter>
    </ClInclude>
    <ClInclude Include="Source\UI\Slider.h">
      <Filter>Include\UI</Filter>
    </ClInclude>
    <ClInclude Include="Source\UI\Text.h">
      <Filter>Include\UI</Filter>
    </ClInclude>
    <ClInclude Include="Source\UI\ScrollView.h">
      <Filter>Include\UI</Filter>
    </ClInclude>
    <ClInclude Include="Source\UI\ListContainer.h">
      <Filter>Include\UI</Filter>
    </ClInclude>
  </ItemGroup>
</Project>